
Microsoft Visual Studio Solution File, Format Version 12.00
# Visual Studio 15
VisualStudioVersion = 15.0.28307.271
MinimumVisualStudioVersion = 10.0.40219.1
Project("{9A19103F-16F7-4668-BE54-9A1E7A4F7556}") = "MarczakIO.VueSPA.Web", "MarczakIO.VueSPA.Web.csproj", "{EC6FAB28-1CD5-4044-AD83-B7502B7F292A}"
EndProject
Global
	GlobalSection(SolutionConfigurationPlatforms) = preSolution
		Debug|Any CPU = Debug|Any CPU
		Release|Any CPU = Release|Any CPU
	EndGlobalSection
	GlobalSection(ProjectConfigurationPlatforms) = postSolution
		{EC6FAB28-1CD5-4044-AD83-B7502B7F292A}.Debug|Any CPU.ActiveCfg = Debug|Any CPU
		{EC6FAB28-1CD5-4044-AD83-B7502B7F292A}.Debug|Any CPU.Build.0 = Debug|Any CPU
		{EC6FAB28-1CD5-4044-AD83-B7502B7F292A}.Release|Any CPU.ActiveCfg = Release|Any CPU
		{EC6FAB28-1CD5-4044-AD83-B7502B7F292A}.Release|Any CPU.Build.0 = Release|Any CPU
	EndGlobalSection
	GlobalSection(SolutionProperties) = preSolution
		HideSolutionNode = FALSE
	EndGlobalSection
	GlobalSection(ExtensibilityGlobals) = postSolution
		SolutionGuid = {FF1B6753-C1C4-4FCF-AF4F-779CFFE366B9}
	EndGlobalSection
EndGlobal
